{
  "name": "wxapp-survey",
  "version": "1.0.0",
  "lockfileVersion": 3,
  "requires": true,
  "packages": {
    "": {
      "name": "wxapp-survey",
      "version": "1.0.0",
      "hasInstallScript": true,
      "license": "MIT",
      "dependencies": {
        "supabase-wechat-stable-v2": "^2.2.0"
      }
    },
    "node_modules/phoenix": {
      "version": "1.8.1",
      "resolved": "https://registry.npmmirror.com/phoenix/-/phoenix-1.8.1.tgz",
      "integrity": "sha512-7i2a5f5y0Qhzi2g/+iuaGr4TzRt5ucqI0JeV2Q9K0swqY8L2C7CLR66RcGCpcQKGOY73B5GLKMYEl13o/9l/Cg=="
    },
    "node_modules/supabase-wechat-stable-v2": {
      "version": "2.2.0",
      "resolved": "https://registry.npmmirror.com/supabase-wechat-stable-v2/-/supabase-wechat-stable-v2-2.2.0.tgz",
      "integrity": "sha512-vxDoMD5D451xpvDiqUDOzny7R0zuqKzHJ7GJu6doFxhs6DrmPvv24asLTh/NnjREuGqtrlhYdvLpQFPjMGR0+w==",
      "dependencies": {
        "phoenix": "^1.6.16"
      }
    }
  }
}
